
Microsoft Visual Studio Solution File, Format Version 12.00
# Visual Studio Version 16
VisualStudioVersion = 16.0.29209.62
MinimumVisualStudioVersion = 10.0.40219.1
Project("{FAE04EC0-301F-11D3-BF4B-00C04F79EFBC}") = "trueTestmod", "trueTestmod\trueTestmod.csproj", "{D8C0ADC2-4C89-48DC-8CA8-CAD4D7B320E7}"
EndProject
Global
	GlobalSection(SolutionConfigurationPlatforms) = preSolution
		Debug|Any CPU = Debug|Any CPU
		Release|Any CPU = Release|Any CPU
	EndGlobalSection
	GlobalSection(ProjectConfigurationPlatforms) = postSolution
		{D8C0ADC2-4C89-48DC-8CA8-CAD4D7B320E7}.Debug|Any CPU.ActiveCfg = Debug|Any CPU
		{D8C0ADC2-4C89-48DC-8CA8-CAD4D7B320E7}.Debug|Any CPU.Build.0 = Debug|Any CPU
		{D8C0ADC2-4C89-48DC-8CA8-CAD4D7B320E7}.Release|Any CPU.ActiveCfg = Release|Any CPU
		{D8C0ADC2-4C89-48DC-8CA8-CAD4D7B320E7}.Release|Any CPU.Build.0 = Release|Any CPU
	EndGlobalSection
	GlobalSection(SolutionProperties) = preSolution
		HideSolutionNode = FALSE
	EndGlobalSection
	GlobalSection(ExtensibilityGlobals) = postSolution
		SolutionGuid = {611FF651-26E1-466C-95E0-F9874BFBED00}
	EndGlobalSection
EndGlobal
